
Microsoft Visual Studio Solution File, Format Version 12.00
# Visual Studio Version 17
VisualStudioVersion = 17.10.35027.167
MinimumVisualStudioVersion = 10.0.40219.1
Project("{FAE04EC0-301F-11D3-BF4B-00C04F79EFBC}") = "DLL_App", "DLL_App\DLL_App.csproj", "{9A3C7AE4-5759-406D-BF4A-85598266E764}"
EndProject
Global
	GlobalSection(SolutionConfigurationPlatforms) = preSolution
		Debug|Any CPU = Debug|Any CPU
		Release|Any CPU = Release|Any CPU
	EndGlobalSection
	GlobalSection(ProjectConfigurationPlatforms) = postSolution
		{9A3C7AE4-5759-406D-BF4A-85598266E764}.Debug|Any CPU.ActiveCfg = Debug|Any CPU
		{9A3C7AE4-5759-406D-BF4A-85598266E764}.Debug|Any CPU.Build.0 = Debug|Any CPU
		{9A3C7AE4-5759-406D-BF4A-85598266E764}.Release|Any CPU.ActiveCfg = Release|Any CPU
		{9A3C7AE4-5759-406D-BF4A-85598266E764}.Release|Any CPU.Build.0 = Release|Any CPU
	EndGlobalSection
	GlobalSection(SolutionProperties) = preSolution
		HideSolutionNode = FALSE
	EndGlobalSection
	GlobalSection(ExtensibilityGlobals) = postSolution
		SolutionGuid = {B033C704-E2A1-4931-AC2E-BBF7E98DA1DD}
	EndGlobalSection
EndGlobal
